
Microsoft Visual Studio Solution File, Format Version 12.00
# Visual Studio Version 16
VisualStudioVersion = 16.0.30503.244
MinimumVisualStudioVersion = 10.0.40219.1
Project("{FAE04EC0-301F-11D3-BF4B-00C04F79EFBC}") = "Sandwych.RmbConverter", "Sandwych.RmbConverter\Sandwych.RmbConverter.csproj", "{6AB64AC3-67A6-430F-9CD0-12355784B144}"
EndProject
Project("{FAE04EC0-301F-11D3-BF4B-00C04F79EFBC}") = "Sandwych.RmbConverter.Test", "Sandwych.RmbConverter.Test\Sandwych.RmbConverter.Test.csproj", "{60122B24-1DA0-492E-824B-86A15A2D24B9}"
EndProject
Global
	GlobalSection(SolutionConfigurationPlatforms) = preSolution
		Debug|Any CPU = Debug|Any CPU
		Release|Any CPU = Release|Any CPU
	EndGlobalSection
	GlobalSection(ProjectConfigurationPlatforms) = postSolution
		{6AB64AC3-67A6-430F-9CD0-12355784B144}.Debug|Any CPU.ActiveCfg = Debug|Any CPU
		{6AB64AC3-67A6-430F-9CD0-12355784B144}.Debug|Any CPU.Build.0 = Debug|Any CPU
		{6AB64AC3-67A6-430F-9CD0-12355784B144}.Release|Any CPU.ActiveCfg = Release|Any CPU
		{6AB64AC3-67A6-430F-9CD0-12355784B144}.Release|Any CPU.Build.0 = Release|Any CPU
		{60122B24-1DA0-492E-824B-86A15A2D24B9}.Debug|Any CPU.ActiveCfg = Debug|Any CPU
		{60122B24-1DA0-492E-824B-86A15A2D24B9}.Debug|Any CPU.Build.0 = Debug|Any CPU
		{60122B24-1DA0-492E-824B-86A15A2D24B9}.Release|Any CPU.ActiveCfg = Release|Any CPU
		{60122B24-1DA0-492E-824B-86A15A2D24B9}.Release|Any CPU.Build.0 = Release|Any CPU
	EndGlobalSection
	GlobalSection(SolutionProperties) = preSolution
		HideSolutionNode = FALSE
	EndGlobalSection
	GlobalSection(ExtensibilityGlobals) = postSolution
		SolutionGuid = {5A3B402E-05FF-4F54-89AE-1AEBE40FADD1}
	EndGlobalSection
EndGlobal
